
Microsoft Visual Studio Solution File, Format Version 12.00
# Visual Studio 15
VisualStudioVersion = 15.0.27004.2009
MinimumVisualStudioVersion = 10.0.40219.1
Project("{FAE04EC0-301F-11D3-BF4B-00C04F79EFBC}") = "Dizignit.SmartHome.API", "Dizignit.SmartHome.API\Dizignit.SmartHome.API.csproj", "{283C77C5-6575-4464-A76D-181EF5A604CB}"
EndProject
Project("{E53339B2-1760-4266-BCC7-CA923CBCF16C}") = "docker-compose", "docker-compose.dcproj", "{56F95A30-C50A-4387-81CB-56FD2B5E469A}"
EndProject
Global
	GlobalSection(SolutionConfigurationPlatforms) = preSolution
		Debug|Any CPU = Debug|Any CPU
		Release|Any CPU = Release|Any CPU
	EndGlobalSection
	GlobalSection(ProjectConfigurationPlatforms) = postSolution
		{283C77C5-6575-4464-A76D-181EF5A604CB}.Debug|Any CPU.ActiveCfg = Debug|Any CPU
		{283C77C5-6575-4464-A76D-181EF5A604CB}.Debug|Any CPU.Build.0 = Debug|Any CPU
		{283C77C5-6575-4464-A76D-181EF5A604CB}.Release|Any CPU.ActiveCfg = Release|Any CPU
		{283C77C5-6575-4464-A76D-181EF5A604CB}.Release|Any CPU.Build.0 = Release|Any CPU
		{56F95A30-C50A-4387-81CB-56FD2B5E469A}.Debug|Any CPU.ActiveCfg = Debug|Any CPU
		{56F95A30-C50A-4387-81CB-56FD2B5E469A}.Debug|Any CPU.Build.0 = Debug|Any CPU
		{56F95A30-C50A-4387-81CB-56FD2B5E469A}.Release|Any CPU.ActiveCfg = Release|Any CPU
		{56F95A30-C50A-4387-81CB-56FD2B5E469A}.Release|Any CPU.Build.0 = Release|Any CPU
	EndGlobalSection
	GlobalSection(SolutionProperties) = preSolution
		HideSolutionNode = FALSE
	EndGlobalSection
	GlobalSection(ExtensibilityGlobals) = postSolution
		SolutionGuid = {165B6CDA-669B-4C04-A57B-B0CEE1F9E9AE}
	EndGlobalSection
EndGlobal
